// !$*UTF8*$!
{
	archiveVersion = 1;
	classes = {
	};
	objectVersion = 46;
	objects = {

/* Begin PBXBuildFile section */
		91466D261C637BA20080928C /* PostCell.swift in Sources */ = {isa = PBXBuildFile; fileRef = 91466D251C637BA20080928C /* PostCell.swift */; };
		91466D291C6388430080928C /* AddPostVC.swift in Sources */ = {isa = PBXBuildFile; fileRef = 91466D281C6388430080928C /* AddPostVC.swift */; };
		91466D2C1C6396D50080928C /* DataService.swift in Sources */ = {isa = PBXBuildFile; fileRef = 91466D2B1C6396D50080928C /* DataService.swift */; };
		91DD54AF1C63664D0008E797 /* AppDelegate.swift in Sources */ = {isa = PBXBuildFile; fileRef = 91DD54AE1C63664D0008E797 /* AppDelegate.swift */; };
		91DD54B11C63664D0008E797 /* ViewController.swift in Sources */ = {isa = PBXBuildFile; fileRef = 91DD54B01C63664D0008E797 /* ViewController.swift */; };
		91DD54B41C63664D0008E797 /* Main.storyboard in Resources */ = {isa = PBXBuildFile; fileRef = 91DD54B21C63664D0008E797 /* Main.storyboard */; };
		91DD54B61C63664D0008E797 /* Assets.xcassets in Resources */ = {isa = PBXBuildFile; fileRef = 91DD54B51C63664D0008E797 /* Assets.xcassets */; };
		91DD54B91C63664D0008E797 /* LaunchScreen.storyboard in Resources */ = {isa = PBXBuildFile; fileRef = 91DD54B71C63664D0008E797 /* LaunchScreen.storyboard */; };
		91DD54C41C63664D0008E797 /* MyHoodTests.swift in Sources */ = {isa = PBXBuildFile; fileRef = 91DD54C31C63664D0008E797 /* MyHoodTests.swift */; };
		91DD54CF1C63664E0008E797 /* MyHoodUITests.swift in Sources */ = {isa = PBXBuildFile; fileRef = 91DD54CE1C63664E0008E797 /* MyHoodUITests.swift */; };
		91DD54DE1C6366B90008E797 /* Post.swift in Sources */ = {isa = PBXBuildFile; fileRef = 91DD54DD1C6366B90008E797 /* Post.swift */; };
/* End PBXBuildFile section */

/* Begin PBXContainerItemProxy section */
		91DD54C01C63664D0008E797 /* PBXContainerItemProxy */ = {
			isa = PBXContainerItemProxy;
			containerPortal = 91DD54A31C63664D0008E797 /* Project object */;
			proxyType = 1;
			remoteGlobalIDString = 91DD54AA1C63664D0008E797;
			remoteInfo = MyHood;
		};
		91DD54CB1C63664E0008E797 /* PBXContainerItemProxy */ = {
			isa = PBXContainerItemProxy;
			containerPortal = 91DD54A31C63664D0008E797 /* Project object */;
			proxyType = 1;
			remoteGlobalIDString = 91DD54AA1C63664D0008E797;
			remoteInfo = MyHood;
		};
/* End PBXContainerItemProxy section */

/* Begin PBXFileReference section */
		91466D251C637BA20080928C /* PostCell.swift */ = {isa = PBXFileReference; fileEncoding = 4; lastKnownFileType = sourcecode.swift; path = PostCell.swift; sourceTree = "<group>"; };
		91466D281C6388430080928C /* AddPostVC.swift */ = {isa = PBXFileReference; fileEncoding = 4; lastKnownFileType = sourcecode.swift; path = AddPostVC.swift; sourceTree = "<group>"; };
		91466D2B1C6396D50080928C /* DataService.swift */ = {isa = PBXFileReference; fileEncoding = 4; lastKnownFileType = sourcecode.swift; path = DataService.swift; sourceTree = "<group>"; };
		91DD54AB1C63664D0008E797 /* MyHood.app */ = {isa = PBXFileReference; explicitFileType = wrapper.application; includeInIndex = 0; path = MyHood.app; sourceTree = BUILT_PRODUCTS_DIR; };
		91DD54AE1C63664D0008E797 /* AppDelegate.swift */ = {isa = PBXFileReference; lastKnownFileType = sourcecode.swift; path = AppDelegate.swift; sourceTree = "<group>"; };
		91DD54B01C63664D0008E797 /* ViewController.swift */ = {isa = PBXFileReference; lastKnownFileType = sourcecode.swift; path = ViewController.swift; sourceTree = "<group>"; };
		91DD54B31C63664D0008E797 /* Base */ = {isa = PBXFileReference; lastKnownFileType = file.storyboard; name = Base; path = Base.lproj/Main.storyboard; sourceTree = "<group>"; };
		91DD54B51C63664D0008E797 /* Assets.xcassets */ = {isa = PBXFileReference; lastKnownFileType = folder.assetcatalog; path = Assets.xcassets; sourceTree = "<group>"; };
		91DD54B81C63664D0008E797 /* Base */ = {isa = PBXFileReference; lastKnownFileType = file.storyboard; name = Base; path = Base.lproj/LaunchScreen.storyboard; sourceTree = "<group>"; };
		91DD54BA1C63664D0008E797 /* Info.plist */ = {isa = PBXFileReference; lastKnownFileType = text.plist.xml; path = Info.plist; sourceTree = "<group>"; };
		91DD54BF1C63664D0008E797 /* MyHoodTests.xctest */ = {isa = PBXFileReference; explicitFileType = wrapper.cfbundle; includeInIndex = 0; path = MyHoodTests.xctest; sourceTree = BUILT_PRODUCTS_DIR; };
		91DD54C31C63664D0008E797 /* MyHoodTests.swift */ = {isa = PBXFileReference; lastKnownFileType = sourcecode.swift; path = MyHoodTests.swift; sourceTree = "<group>"; };
		91DD54C51C63664D0008E797 /* Info.plist */ = {isa = PBXFileReference; lastKnownFileType = text.plist.xml; path = Info.plist; sourceTree = "<group>"; };
		91DD54CA1C63664E0008E797 /* MyHoodUITests.xctest */ = {isa = PBXFileReference; explicitFileType = wrapper.cfbundle; includeInIndex = 0; path = MyHoodUITests.xctest; sourceTree = BUILT_PRODUCTS_DIR; };
		91DD54CE1C63664E0008E797 /* MyHoodUITests.swift */ = {isa = PBXFileReference; lastKnownFileType = sourcecode.swift; path = MyHoodUITests.swift; sourceTree = "<group>"; };
		91DD54D01C63664E0008E797 /* Info.plist */ = {isa = PBXFileReference; lastKnownFileType = text.plist.xml; path = Info.plist; sourceTree = "<group>"; };
		91DD54DD1C6366B90008E797 /* Post.swift */ = {isa = PBXFileReference; fileEncoding = 4; lastKnownFileType = sourcecode.swift; path = Post.swift; sourceTree = "<group>"; };
/* End PBXFileReference section */

/* Begin PBXFrameworksBuildPhase section */
		91DD54A81C63664D0008E797 /* Frameworks */ = {
			isa = PBXFrameworksBuildPhase;
			buildActionMask = 2147483647;
			files = (
			);
			runOnlyForDeploymentPostprocessing = 0;
		};
		91DD54BC1C63664D0008E797 /* Frameworks */ = {
			isa = PBXFrameworksBuildPhase;
			buildActionMask = 2147483647;
			files = (
			);
			runOnlyForDeploymentPostprocessing = 0;
		};
		91DD54C71C63664E0008E797 /* Frameworks */ = {
			isa = PBXFrameworksBuildPhase;
			buildActionMask = 2147483647;
			files = (
			);
			runOnlyForDeploymentPostprocessing = 0;
		};
/* End PBXFrameworksBuildPhase section */

/* Begin PBXGroup section */
		91466D241C637B720080928C /* View */ = {
			isa = PBXGroup;
			children = (
				91DD54B71C63664D0008E797 /* LaunchScreen.storyboard */,
				91DD54B21C63664D0008E797 /* Main.storyboard */,
				91466D251C637BA20080928C /* PostCell.swift */,
			);
			name = View;
			sourceTree = "<group>";
		};
		91466D271C6387F90080928C /* Controller */ = {
			isa = PBXGroup;
			children = (
				91DD54B01C63664D0008E797 /* ViewController.swift */,
				91466D281C6388430080928C /* AddPostVC.swift */,
			);
			name = Controller;
			sourceTree = "<group>";
		};
		91466D2A1C6396B00080928C /* Services */ = {
			isa = PBXGroup;
			children = (
				91466D2B1C6396D50080928C /* DataService.swift */,
			);
			name = Services;
			sourceTree = "<group>";
		};
		91DD54A21C63664D0008E797 = {
			isa = PBXGroup;
			children = (
				91DD54AD1C63664D0008E797 /* MyHood */,
				91DD54C21C63664D0008E797 /* MyHoodTests */,
				91DD54CD1C63664E0008E797 /* MyHoodUITests */,
				91DD54AC1C63664D0008E797 /* Products */,
			);
			sourceTree = "<group>";
		};
		91DD54AC1C63664D0008E797 /* Products */ = {
			isa = PBXGroup;
			children = (
				91DD54AB1C63664D0008E797 /* MyHood.app */,
				91DD54BF1C63664D0008E797 /* MyHoodTests.xctest */,
				91DD54CA1C63664E0008E797 /* MyHoodUITests.xctest */,
			);
			name = Products;
			sourceTree = "<group>";
		};
		91DD54AD1C63664D0008E797 /* MyHood */ = {
			isa = PBXGroup;
			children = (
				91466D2A1C6396B00080928C /* Services */,
				91DD54DC1C6366A40008E797 /* Model */,
				91466D241C637B720080928C /* View */,
				91466D271C6387F90080928C /* Controller */,
				91DD54AE1C63664D0008E797 /* AppDelegate.swift */,
				91DD54B51C63664D0008E797 /* Assets.xcassets */,
				91DD54BA1C63664D0008E797 /* Info.plist */,
			);
			path = MyHood;
			sourceTree = "<group>";
		};
		91DD54C21C63664D0008E797 /* MyHoodTests */ = {
			isa = PBXGroup;
			children = (
				91DD54C31C63664D0008E797 /* MyHoodTests.swift */,
				91DD54C51C63664D0008E797 /* Info.plist */,
			);
			path = MyHoodTests;
			sourceTree = "<group>";
		};
		91DD54CD1C63664E0008E797 /* MyHoodUITests */ = {
			isa = PBXGroup;
			children = (
				91DD54CE1C63664E0008E797 /* MyHoodUITests.swift */,
				91DD54D01C63664E0008E797 /* Info.plist */,
			);
			path = MyHoodUITests;
			sourceTree = "<group>";
		};
		91DD54DC1C6366A40008E797 /* Model */ = {
			isa = PBXGroup;
			children = (
				91DD54DD1C6366B90008E797 /* Post.swift */,
			);
			name = Model;
			sourceTree = "<group>";
		};
/* End PBXGroup section */

/* Begin PBXNativeTarget section */
		91DD54AA1C63664D0008E797 /* MyHood */ = {
			isa = PBXNativeTarget;
			buildConfigurationList = 91DD54D31C63664E0008E797 /* Build configuration list for PBXNativeTarget "MyHood" */;
			buildPhases = (
				91DD54A71C63664D0008E797 /* Sources */,
				91DD54A81C63664D0008E797 /* Frameworks */,
				91DD54A91C63664D0008E797 /* Resources */,
			);
			buildRules = (
			);
			dependencies = (
			);
			name = MyHood;
			productName = MyHood;
			productReference = 91DD54AB1C63664D0008E797 /* MyHood.app */;
			productType = "com.apple.product-type.application";
		};
		91DD54BE1C63664D0008E797 /* MyHoodTests */ = {
			isa = PBXNativeTarget;
			buildConfigurationList = 91DD54D61C63664E0008E797 /* Build configuration list for PBXNativeTarget "MyHoodTests" */;
			buildPhases = (
				91DD54BB1C63664D0008E797 /* Sources */,
				91DD54BC1C63664D0008E797 /* Frameworks */,
				91DD54BD1C63664D0008E797 /* Resources */,
			);
			buildRules = (
			);
			dependencies = (
				91DD54C11C63664D0008E797 /* PBXTargetDependency */,
			);
			name = MyHoodTests;
			productName = MyHoodTests;
			productReference = 91DD54BF1C63664D0008E797 /* MyHoodTests.xctest */;
			productType = "com.apple.product-type.bundle.unit-test";
		};
		91DD54C91C63664E0008E797 /* MyHoodUITests */ = {
			isa = PBXNativeTarget;
			buildConfigurationList = 91DD54D91C63664E0008E797 /* Build configuration list for PBXNativeTarget "MyHoodUITests" */;
			buildPhases = (
				91DD54C61C63664E0008E797 /* Sources */,
				91DD54C71C63664E0008E797 /* Frameworks */,
				91DD54C81C63664E0008E797 /* Resources */,
			);
			buildRules = (
			);
			dependencies = (
				91DD54CC1C63664E0008E797 /* PBXTargetDependency */,
			);
			name = MyHoodUITests;
			productName = MyHoodUITests;
			productReference = 91DD54CA1C63664E0008E797 /* MyHoodUITests.xctest */;
			productType = "com.apple.product-type.bundle.ui-testing";
		};
/* End PBXNativeTarget section */

/* Begin PBXProject section */
		91DD54A31C63664D0008E797 /* Project object */ = {
			isa = PBXProject;
			attributes = {
				LastSwiftUpdateCheck = 0720;
				LastUpgradeCheck = 0720;
				ORGANIZATIONNAME = "Stanley Pan";
				TargetAttributes = {
					91DD54AA1C63664D0008E797 = {
						CreatedOnToolsVersion = 7.2.1;
						DevelopmentTeam = P48JT8XFF3;
					};
					91DD54BE1C63664D0008E797 = {
						CreatedOnToolsVersion = 7.2.1;
						DevelopmentTeam = P48JT8XFF3;
						TestTargetID = 91DD54AA1C63664D0008E797;
					};
					91DD54C91C63664E0008E797 = {
						CreatedOnToolsVersion = 7.2.1;
						DevelopmentTeam = P48JT8XFF3;
						TestTargetID = 91DD54AA1C63664D0008E797;
					};
				};
			};
			buildConfigurationList = 91DD54A61C63664D0008E797 /* Build configuration list for PBXProject "MyHood" */;
			compatibilityVersion = "Xcode 3.2";
			developmentRegion = English;
			hasScannedForEncodings = 0;
			knownRegions = (
				en,
				Base,
			);
			mainGroup = 91DD54A21C63664D0008E797;
			productRefGroup = 91DD54AC1C63664D0008E797 /* Products */;
			projectDirPath = "";
			projectRoot = "";
			targets = (
				91DD54AA1C63664D0008E797 /* MyHood */,
				91DD54BE1C63664D0008E797 /* MyHoodTests */,
				91DD54C91C63664E0008E797 /* MyHoodUITests */,
			);
		};
/* End PBXProject section */

/* Begin PBXResourcesBuildPhase section */
		91DD54A91C63664D0008E797 /* Resources */ = {
			isa = PBXResourcesBuildPhase;
			buildActionMask = 2147483647;
			files = (
				91DD54B91C63664D0008E797 /* LaunchScreen.storyboard in Resources */,
				91DD54B61C63664D0008E797 /* Assets.xcassets in Resources */,
				91DD54B41C63664D0008E797 /* Main.storyboard in Resources */,
			);
			runOnlyForDeploymentPostprocessing = 0;
		};
		91DD54BD1C63664D0008E797 /* Resources */ = {
			isa = PBXResourcesBuildPhase;
			buildActionMask = 2147483647;
			files = (
			);
			runOnlyForDeploymentPostprocessing = 0;
		};
		91DD54C81C63664E0008E797 /* Resources */ = {
			isa = PBXResourcesBuildPhase;
			buildActionMask = 2147483647;
			files = (
			);
			runOnlyForDeploymentPostprocessing = 0;
		};
/* End PBXResourcesBuildPhase section */

/* Begin PBXSourcesBuildPhase section */
		91DD54A71C63664D0008E797 /* Sources */ = {
			isa = PBXSourcesBuildPhase;
			buildActionMask = 2147483647;
			files = (
				91DD54DE1C6366B90008E797 /* Post.swift in Sources */,
				91DD54B11C63664D0008E797 /* ViewController.swift in Sources */,
				91466D291C6388430080928C /* AddPostVC.swift in Sources */,
				91466D2C1C6396D50080928C /* DataService.swift in Sources */,
				91DD54AF1C63664D0008E797 /* AppDelegate.swift in Sources */,
				91466D261C637BA20080928C /* PostCell.swift in Sources */,
			);
			runOnlyForDeploymentPostprocessing = 0;
		};
		91DD54BB1C63664D0008E797 /* Sources */ = {
			isa = PBXSourcesBuildPhase;
			buildActionMask = 2147483647;
			files = (
				91DD54C41C63664D0008E797 /* MyHoodTests.swift in Sources */,
			);
			runOnlyForDeploymentPostprocessing = 0;
		};
		91DD54C61C63664E0008E797 /* Sources */ = {
			isa = PBXSourcesBuildPhase;
			buildActionMask = 2147483647;
			files = (
				91DD54CF1C63664E0008E797 /* MyHoodUITests.swift in Sources */,
			);
			runOnlyForDeploymentPostprocessing = 0;
		};
/* End PBXSourcesBuildPhase section */

/* Begin PBXTargetDependency section */
		91DD54C11C63664D0008E797 /* PBXTargetDependency */ = {
			isa = PBXTargetDependency;
			target = 91DD54AA1C63664D0008E797 /* MyHood */;
			targetProxy = 91DD54C01C63664D0008E797 /* PBXContainerItemProxy */;
		};
		91DD54CC1C63664E0008E797 /* PBXTargetDependency */ = {
			isa = PBXTargetDependency;
			target = 91DD54AA1C63664D0008E797 /* MyHood */;
			targetProxy = 91DD54CB1C63664E0008E797 /* PBXContainerItemProxy */;
		};
/* End PBXTargetDependency section */

/* Begin PBXVariantGroup section */
		91DD54B21C63664D0008E797 /* Main.storyboard */ = {
			isa = PBXVariantGroup;
			children = (
				91DD54B31C63664D0008E797 /* Base */,
			);
			name = Main.storyboard;
			sourceTree = "<group>";
		};
		91DD54B71C63664D0008E797 /* LaunchScreen.storyboard */ = {
			isa = PBXVariantGroup;
			children = (
				91DD54B81C63664D0008E797 /* Base */,
			);
			name = LaunchScreen.storyboard;
			sourceTree = "<group>";
		};
/* End PBXVariantGroup section */

/* Begin XCBuildConfiguration section */
		91DD54D11C63664E0008E797 /* Debug */ = {
			isa = XCBuildConfiguration;
			buildSettings = {
				ALWAYS_SEARCH_USER_PATHS = NO;
				CLANG_CXX_LANGUAGE_STANDARD = "gnu++0x";
				CLANG_CXX_LIBRARY = "libc++";
				CLANG_ENABLE_MODULES = YES;
				CLANG_ENABLE_OBJC_ARC = YES;
				CLANG_WARN_BOOL_CONVERSION = YES;
				CLANG_WARN_CONSTANT_CONVERSION = YES;
				CLANG_WARN_DIRECT_OBJC_ISA_USAGE = YES_ERROR;
				CLANG_WARN_EMPTY_BODY = YES;
				CLANG_WARN_ENUM_CONVERSION = YES;
				CLANG_WARN_INT_CONVERSION = YES;
				CLANG_WARN_OBJC_ROOT_CLASS = YES_ERROR;
				CLANG_WARN_UNREACHABLE_CODE = YES;
				CLANG_WARN__DUPLICATE_METHOD_MATCH = YES;
				"CODE_SIGN_IDENTITY[sdk=iphoneos*]" = "iPhone Developer";
				COPY_PHASE_STRIP = NO;
				DEBUG_INFORMATION_FORMAT = dwarf;
				ENABLE_STRICT_OBJC_MSGSEND = YES;
				ENABLE_TESTABILITY = YES;
				GCC_C_LANGUAGE_STANDARD = gnu99;
				GCC_DYNAMIC_NO_PIC = NO;
				GCC_NO_COMMON_BLOCKS = YES;
				GCC_OPTIMIZATION_LEVEL = 0;
				GCC_PREPROCESSOR_DEFINITIONS = (
					"DEBUG=1",
					"$(inherited)",
				);
				GCC_WARN_64_TO_32_BIT_CONVERSION = YES;
				GCC_WARN_ABOUT_RETURN_TYPE = YES_ERROR;
				GCC_WARN_UNDECLARED_SELECTOR = YES;
				GCC_WARN_UNINITIALIZED_AUTOS = YES_AGGRESSIVE;
				GCC_WARN_UNUSED_FUNCTION = YES;
				GCC_WARN_UNUSED_VARIABLE = YES;
				IPHONEOS_DEPLOYMENT_TARGET = 9.2;
				MTL_ENABLE_DEBUG_INFO = YES;
				ONLY_ACTIVE_ARCH = YES;
				SDKROOT = iphoneos;
				SWIFT_OPTIMIZATION_LEVEL = "-Onone";
				TARGETED_DEVICE_FAMILY = "1,2";
			};
			name = Debug;
		};
		91DD54D21C63664E0008E797 /* Release */ = {
			isa = XCBuildConfiguration;
			buildSettings = {
				ALWAYS_SEARCH_USER_PATHS = NO;
				CLANG_CXX_LANGUAGE_STANDARD = "gnu++0x";
				CLANG_CXX_LIBRARY = "libc++";
				CLANG_ENABLE_MODULES = YES;
				CLANG_ENABLE_OBJC_ARC = YES;
				CLANG_WARN_BOOL_CONVERSION = YES;
				CLANG_WARN_CONSTANT_CONVERSION = YES;
				CLANG_WARN_DIRECT_OBJC_ISA_USAGE = YES_ERROR;
				CLANG_WARN_EMPTY_BODY = YES;
				CLANG_WARN_ENUM_CONVERSION = YES;
				CLANG_WARN_INT_CONVERSION = YES;
				CLANG_WARN_OBJC_ROOT_CLASS = YES_ERROR;
				CLANG_WARN_UNREACHABLE_CODE = YES;
				CLANG_WARN__DUPLICATE_METHOD_MATCH = YES;
				"CODE_SIGN_IDENTITY[sdk=iphoneos*]" = "iPhone Developer";
				COPY_PHASE_STRIP = NO;
				DEBUG_INFORMATION_FORMAT = "dwarf-with-dsym";
				ENABLE_NS_ASSERTIONS = NO;
				ENABLE_STRICT_OBJC_MSGSEND = YES;
				GCC_C_LANGUAGE_STANDARD = gnu99;
				GCC_NO_COMMON_BLOCKS = YES;
				GCC_WARN_64_TO_32_BIT_CONVERSION = YES;
				GCC_WARN_ABOUT_RETURN_TYPE = YES_ERROR;
				GCC_WARN_UNDECLARED_SELECTOR = YES;
				GCC_WARN_UNINITIALIZED_AUTOS = YES_AGGRESSIVE;
				GCC_WARN_UNUSED_FUNCTION = YES;
				GCC_WARN_UNUSED_VARIABLE = YES;
				IPHONEOS_DEPLOYMENT_TARGET = 9.2;
				MTL_ENABLE_DEBUG_INFO = NO;
				SDKROOT = iphoneos;
				TARGETED_DEVICE_FAMILY = "1,2";
				VALIDATE_PRODUCT = YES;
			};
			name = Release;
		};
		91DD54D41C63664E0008E797 /* Debug */ = {
			isa = XCBuildConfiguration;
			buildSettings = {
				ASSETCATALOG_COMPILER_APPICON_NAME = AppIcon;
				INFOPLIST_FILE = MyHood/Info.plist;
				LD_RUNPATH_SEARCH_PATHS = "$(inherited) @executable_path/Frameworks";
				PRODUCT_BUNDLE_IDENTIFIER = com.github.iMoment.MyHood;
				PRODUCT_NAME = "$(TARGET_NAME)";
			};
			name = Debug;
		};
		91DD54D51C63664E0008E797 /* Release */ = {
			isa = XCBuildConfiguration;
			buildSettings = {
				ASSETCATALOG_COMPILER_APPICON_NAME = AppIcon;
				INFOPLIST_FILE = MyHood/Info.plist;
				LD_RUNPATH_SEARCH_PATHS = "$(inherited) @executable_path/Frameworks";
				PRODUCT_BUNDLE_IDENTIFIER = com.github.iMoment.MyHood;
				PRODUCT_NAME = "$(TARGET_NAME)";
			};
			name = Release;
		};
		91DD54D71C63664E0008E797 /* Debug */ = {
			isa = XCBuildConfiguration;
			buildSettings = {
				BUNDLE_LOADER = "$(TEST_HOST)";
				INFOPLIST_FILE = MyHoodTests/Info.plist;
				LD_RUNPATH_SEARCH_PATHS = "$(inherited) @executable_path/Frameworks @loader_path/Frameworks";
				PRODUCT_BUNDLE_IDENTIFIER = com.github.iMoment.MyHoodTests;
				PRODUCT_NAME = "$(TARGET_NAME)";
				TEST_HOST = "$(BUILT_PRODUCTS_DIR)/MyHood.app/MyHood";
			};
			name = Debug;
		};
		91DD54D81C63664E0008E797 /* Release */ = {
			isa = XCBuildConfiguration;
			buildSettings = {
				BUNDLE_LOADER = "$(TEST_HOST)";
				INFOPLIST_FILE = MyHoodTests/Info.plist;
				LD_RUNPATH_SEARCH_PATHS = "$(inherited) @executable_path/Frameworks @loader_path/Frameworks";
				PRODUCT_BUNDLE_IDENTIFIER = com.github.iMoment.MyHoodTests;
				PRODUCT_NAME = "$(TARGET_NAME)";
				TEST_HOST = "$(BUILT_PRODUCTS_DIR)/MyHood.app/MyHood";
			};
			name = Release;
		};
		91DD54DA1C63664E0008E797 /* Debug */ = {
			isa = XCBuildConfiguration;
			buildSettings = {
				INFOPLIST_FILE = MyHoodUITests/Info.plist;
				LD_RUNPATH_SEARCH_PATHS = "$(inherited) @executable_path/Frameworks @loader_path/Frameworks";
				PRODUCT_BUNDLE_IDENTIFIER = com.github.iMoment.MyHoodUITests;
				PRODUCT_NAME = "$(TARGET_NAME)";
				TEST_TARGET_NAME = MyHood;
				USES_XCTRUNNER = YES;
			};
			name = Debug;
		};
		91DD54DB1C63664E0008E797 /* Release */ = {
			isa = XCBuildConfiguration;
			buildSettings = {
				INFOPLIST_FILE = MyHoodUITests/Info.plist;
				LD_RUNPATH_SEARCH_PATHS = "$(inherited) @executable_path/Frameworks @loader_path/Frameworks";
				PRODUCT_BUNDLE_IDENTIFIER = com.github.iMoment.MyHoodUITests;
				PRODUCT_NAME = "$(TARGET_NAME)";
				TEST_TARGET_NAME = MyHood;
				USES_XCTRUNNER = YES;
			};
			name = Release;
		};
/* End XCBuildConfiguration section */

/* Begin XCConfigurationList section */
		91DD54A61C63664D0008E797 /* Build configuration list for PBXProject "MyHood" */ = {
			isa = XCConfigurationList;
			buildConfigurations = (
				91DD54D11C63664E0008E797 /* Debug */,
				91DD54D21C63664E0008E797 /* Release */,
			);
			defaultConfigurationIsVisible = 0;
			defaultConfigurationName = Release;
		};
		91DD54D31C63664E0008E797 /* Build configuration list for PBXNativeTarget "MyHood" */ = {
			isa = XCConfigurationList;
			buildConfigurations = (
				91DD54D41C63664E0008E797 /* Debug */,
				91DD54D51C63664E0008E797 /* Release */,
			);
			defaultConfigurationIsVisible = 0;
			defaultConfigurationName = Release;
		};
		91DD54D61C63664E0008E797 /* Build configuration list for PBXNativeTarget "MyHoodTests" */ = {
			isa = XCConfigurationList;
			buildConfigurations = (
				91DD54D71C63664E0008E797 /* Debug */,
				91DD54D81C63664E0008E797 /* Release */,
			);
			defaultConfigurationIsVisible = 0;
			defaultConfigurationName = Release;
		};
		91DD54D91C63664E0008E797 /* Build configuration list for PBXNativeTarget "MyHoodUITests" */ = {
			isa = XCConfigurationList;
			buildConfigurations = (
				91DD54DA1C63664E0008E797 /* Debug */,
				91DD54DB1C63664E0008E797 /* Release */,
			);
			defaultConfigurationIsVisible = 0;
			defaultConfigurationName = Release;
		};
/* End XCConfigurationList section */
	};
	rootObject = 91DD54A31C63664D0008E797 /* Project object */;
}
